// !$*UTF8*$!
{
	archiveVersion = 1;
	classes = {
	};
	objectVersion = 46;
	objects = {

/* Begin PBXBuildFile section */
		0F9A4A4316B31F9C002F5DFD /* UIKit.framework in Frameworks */ = {isa = PBXBuildFile; fileRef = 0F9A4A4216B31F9C002F5DFD /* UIKit.framework */; };
		0F9A4A4516B31F9C002F5DFD /* Foundation.framework in Frameworks */ = {isa = PBXBuildFile; fileRef = 0F9A4A4416B31F9C002F5DFD /* Foundation.framework */; };
		0F9A4A4716B31F9C002F5DFD /* CoreGraphics.framework in Frameworks */ = {isa = PBXBuildFile; fileRef = 0F9A4A4616B31F9C002F5DFD /* CoreGraphics.framework */; };
		0F9A4A4D16B31F9C002F5DFD /* InfoPlist.strings in Resources */ = {isa = PBXBuildFile; fileRef = 0F9A4A4B16B31F9C002F5DFD /* InfoPlist.strings */; };
		0F9A4A4F16B31F9C002F5DFD /* main.m in Sources */ = {isa = PBXBuildFile; fileRef = 0F9A4A4E16B31F9C002F5DFD /* main.m */; };
		0F9A4A5316B31F9C002F5DFD /* CDAppDelegate.m in Sources */ = {isa = PBXBuildFile; fileRef = 0F9A4A5216B31F9C002F5DFD /* CDAppDelegate.m */; };
		0F9A4A5516B31F9C002F5DFD /* Default.png in Resources */ = {isa = PBXBuildFile; fileRef = 0F9A4A5416B31F9C002F5DFD /* Default.png */; };
		0F9A4A5716B31F9C002F5DFD /* Default@2x.png in Resources */ = {isa = PBXBuildFile; fileRef = 0F9A4A5616B31F9C002F5DFD /* Default@2x.png */; };
		0F9A4A5916B31F9C002F5DFD /* Default-568h@2x.png in Resources */ = {isa = PBXBuildFile; fileRef = 0F9A4A5816B31F9C002F5DFD /* Default-568h@2x.png */; };
		0F9A4A5C16B31F9C002F5DFD /* CDViewController.m in Sources */ = {isa = PBXBuildFile; fileRef = 0F9A4A5B16B31F9C002F5DFD /* CDViewController.m */; };
		0F9A4A5F16B31F9C002F5DFD /* CDViewController_iPhone.xib in Resources */ = {isa = PBXBuildFile; fileRef = 0F9A4A5D16B31F9C002F5DFD /* CDViewController_iPhone.xib */; };
		0F9A4A6216B31F9C002F5DFD /* CDViewController_iPad.xib in Resources */ = {isa = PBXBuildFile; fileRef = 0F9A4A6016B31F9C002F5DFD /* CDViewController_iPad.xib */; };
		0F9A4A6A16B5ABC2002F5DFD /* CDColorPicker.m in Sources */ = {isa = PBXBuildFile; fileRef = 0F9A4A6916B5ABC2002F5DFD /* CDColorPicker.m */; };
/* End PBXBuildFile section */

/* Begin PBXFileReference section */
		0F9A4A3E16B31F9C002F5DFD /* CDColorPickerDemo.app */ = {isa = PBXFileReference; explicitFileType = wrapper.application; includeInIndex = 0; path = CDColorPickerDemo.app; sourceTree = BUILT_PRODUCTS_DIR; };
		0F9A4A4216B31F9C002F5DFD /* UIKit.framework */ = {isa = PBXFileReference; lastKnownFileType = wrapper.framework; name = UIKit.framework; path = System/Library/Frameworks/UIKit.framework; sourceTree = SDKROOT; };
		0F9A4A4416B31F9C002F5DFD /* Foundation.framework */ = {isa = PBXFileReference; lastKnownFileType = wrapper.framework; name = Foundation.framework; path = System/Library/Frameworks/Foundation.framework; sourceTree = SDKROOT; };
		0F9A4A4616B31F9C002F5DFD /* CoreGraphics.framework */ = {isa = PBXFileReference; lastKnownFileType = wrapper.framework; name = CoreGraphics.framework; path = System/Library/Frameworks/CoreGraphics.framework; sourceTree = SDKROOT; };
		0F9A4A4A16B31F9C002F5DFD /* CDColorPickerDemo-Info.plist */ = {isa = PBXFileReference; lastKnownFileType = text.plist.xml; path = "CDColorPickerDemo-Info.plist"; sourceTree = "<group>"; };
		0F9A4A4C16B31F9C002F5DFD /* en */ = {isa = PBXFileReference; lastKnownFileType = text.plist.strings; name = en; path = en.lproj/InfoPlist.strings; sourceTree = "<group>"; };
		0F9A4A4E16B31F9C002F5DFD /* main.m */ = {isa = PBXFileReference; lastKnownFileType = sourcecode.c.objc; path = main.m; sourceTree = "<group>"; };
		0F9A4A5016B31F9C002F5DFD /* CDColorPickerDemo-Prefix.pch */ = {isa = PBXFileReference; lastKnownFileType = sourcecode.c.h; path = "CDColorPickerDemo-Prefix.pch"; sourceTree = "<group>"; };
		0F9A4A5116B31F9C002F5DFD /* CDAppDelegate.h */ = {isa = PBXFileReference; lastKnownFileType = sourcecode.c.h; path = CDAppDelegate.h; sourceTree = "<group>"; };
		0F9A4A5216B31F9C002F5DFD /* CDAppDelegate.m */ = {isa = PBXFileReference; lastKnownFileType = sourcecode.c.objc; path = CDAppDelegate.m; sourceTree = "<group>"; };
		0F9A4A5416B31F9C002F5DFD /* Default.png */ = {isa = PBXFileReference; lastKnownFileType = image.png; path = Default.png; sourceTree = "<group>"; };
		0F9A4A5616B31F9C002F5DFD /* Default@2x.png */ = {isa = PBXFileReference; lastKnownFileType = image.png; path = "Default@2x.png"; sourceTree = "<group>"; };
		0F9A4A5816B31F9C002F5DFD /* Default-568h@2x.png */ = {isa = PBXFileReference; lastKnownFileType = image.png; path = "Default-568h@2x.png"; sourceTree = "<group>"; };
		0F9A4A5A16B31F9C002F5DFD /* CDViewController.h */ = {isa = PBXFileReference; lastKnownFileType = sourcecode.c.h; path = CDViewController.h; sourceTree = "<group>"; };
		0F9A4A5B16B31F9C002F5DFD /* CDViewController.m */ = {isa = PBXFileReference; lastKnownFileType = sourcecode.c.objc; path = CDViewController.m; sourceTree = "<group>"; };
		0F9A4A5E16B31F9C002F5DFD /* en */ = {isa = PBXFileReference; lastKnownFileType = file.xib; name = en; path = en.lproj/CDViewController_iPhone.xib; sourceTree = "<group>"; };
		0F9A4A6116B31F9C002F5DFD /* en */ = {isa = PBXFileReference; lastKnownFileType = file.xib; name = en; path = en.lproj/CDViewController_iPad.xib; sourceTree = "<group>"; };
		0F9A4A6816B5ABC2002F5DFD /* CDColorPicker.h */ = {isa = PBXFileReference; fileEncoding = 4; lastKnownFileType = sourcecode.c.h; path = CDColorPicker.h; sourceTree = "<group>"; };
		0F9A4A6916B5ABC2002F5DFD /* CDColorPicker.m */ = {isa = PBXFileReference; fileEncoding = 4; lastKnownFileType = sourcecode.c.objc; path = CDColorPicker.m; sourceTree = "<group>"; };
/* End PBXFileReference section */

/* Begin PBXFrameworksBuildPhase section */
		0F9A4A3B16B31F9C002F5DFD /* Frameworks */ = {
			isa = PBXFrameworksBuildPhase;
			buildActionMask = 2147483647;
			files = (
				0F9A4A4316B31F9C002F5DFD /* UIKit.framework in Frameworks */,
				0F9A4A4516B31F9C002F5DFD /* Foundation.framework in Frameworks */,
				0F9A4A4716B31F9C002F5DFD /* CoreGraphics.framework in Frameworks */,
			);
			runOnlyForDeploymentPostprocessing = 0;
		};
/* End PBXFrameworksBuildPhase section */

/* Begin PBXGroup section */
		0F9A4A3316B31F9C002F5DFD = {
			isa = PBXGroup;
			children = (
				0F9A4A4816B31F9C002F5DFD /* CDColorPickerDemo */,
				0F9A4A4116B31F9C002F5DFD /* Frameworks */,
				0F9A4A3F16B31F9C002F5DFD /* Products */,
			);
			sourceTree = "<group>";
		};
		0F9A4A3F16B31F9C002F5DFD /* Products */ = {
			isa = PBXGroup;
			children = (
				0F9A4A3E16B31F9C002F5DFD /* CDColorPickerDemo.app */,
			);
			name = Products;
			sourceTree = "<group>";
		};
		0F9A4A4116B31F9C002F5DFD /* Frameworks */ = {
			isa = PBXGroup;
			children = (
				0F9A4A4216B31F9C002F5DFD /* UIKit.framework */,
				0F9A4A4416B31F9C002F5DFD /* Foundation.framework */,
				0F9A4A4616B31F9C002F5DFD /* CoreGraphics.framework */,
			);
			name = Frameworks;
			sourceTree = "<group>";
		};
		0F9A4A4816B31F9C002F5DFD /* CDColorPickerDemo */ = {
			isa = PBXGroup;
			children = (
				0F9A4A6816B5ABC2002F5DFD /* CDColorPicker.h */,
				0F9A4A6916B5ABC2002F5DFD /* CDColorPicker.m */,
				0F9A4A5116B31F9C002F5DFD /* CDAppDelegate.h */,
				0F9A4A5216B31F9C002F5DFD /* CDAppDelegate.m */,
				0F9A4A5A16B31F9C002F5DFD /* CDViewController.h */,
				0F9A4A5B16B31F9C002F5DFD /* CDViewController.m */,
				0F9A4A5D16B31F9C002F5DFD /* CDViewController_iPhone.xib */,
				0F9A4A6016B31F9C002F5DFD /* CDViewController_iPad.xib */,
				0F9A4A4916B31F9C002F5DFD /* Supporting Files */,
			);
			path = CDColorPickerDemo;
			sourceTree = "<group>";
		};
		0F9A4A4916B31F9C002F5DFD /* Supporting Files */ = {
			isa = PBXGroup;
			children = (
				0F9A4A4A16B31F9C002F5DFD /* CDColorPickerDemo-Info.plist */,
				0F9A4A4B16B31F9C002F5DFD /* InfoPlist.strings */,
				0F9A4A4E16B31F9C002F5DFD /* main.m */,
				0F9A4A5016B31F9C002F5DFD /* CDColorPickerDemo-Prefix.pch */,
				0F9A4A5416B31F9C002F5DFD /* Default.png */,
				0F9A4A5616B31F9C002F5DFD /* Default@2x.png */,
				0F9A4A5816B31F9C002F5DFD /* Default-568h@2x.png */,
			);
			name = "Supporting Files";
			sourceTree = "<group>";
		};
/* End PBXGroup section */

/* Begin PBXNativeTarget section */
		0F9A4A3D16B31F9C002F5DFD /* CDColorPickerDemo */ = {
			isa = PBXNativeTarget;
			buildConfigurationList = 0F9A4A6516B31F9C002F5DFD /* Build configuration list for PBXNativeTarget "CDColorPickerDemo" */;
			buildPhases = (
				0F9A4A3A16B31F9C002F5DFD /* Sources */,
				0F9A4A3B16B31F9C002F5DFD /* Frameworks */,
				0F9A4A3C16B31F9C002F5DFD /* Resources */,
			);
			buildRules = (
			);
			dependencies = (
			);
			name = CDColorPickerDemo;
			productName = CDColorPickerDemo;
			productReference = 0F9A4A3E16B31F9C002F5DFD /* CDColorPickerDemo.app */;
			productType = "com.apple.product-type.application";
		};
/* End PBXNativeTarget section */

/* Begin PBXProject section */
		0F9A4A3516B31F9C002F5DFD /* Project object */ = {
			isa = PBXProject;
			attributes = {
				CLASSPREFIX = CD;
				LastUpgradeCheck = 0450;
				ORGANIZATIONNAME = "colordeaf ltd";
			};
			buildConfigurationList = 0F9A4A3816B31F9C002F5DFD /* Build configuration list for PBXProject "CDColorPickerDemo" */;
			compatibilityVersion = "Xcode 3.2";
			developmentRegion = English;
			hasScannedForEncodings = 0;
			knownRegions = (
				en,
			);
			mainGroup = 0F9A4A3316B31F9C002F5DFD;
			productRefGroup = 0F9A4A3F16B31F9C002F5DFD /* Products */;
			projectDirPath = "";
			projectRoot = "";
			targets = (
				0F9A4A3D16B31F9C002F5DFD /* CDColorPickerDemo */,
			);
		};
/* End PBXProject section */

/* Begin PBXResourcesBuildPhase section */
		0F9A4A3C16B31F9C002F5DFD /* Resources */ = {
			isa = PBXResourcesBuildPhase;
			buildActionMask = 2147483647;
			files = (
				0F9A4A4D16B31F9C002F5DFD /* InfoPlist.strings in Resources */,
				0F9A4A5516B31F9C002F5DFD /* Default.png in Resources */,
				0F9A4A5716B31F9C002F5DFD /* Default@2x.png in Resources */,
				0F9A4A5916B31F9C002F5DFD /* Default-568h@2x.png in Resources */,
				0F9A4A5F16B31F9C002F5DFD /* CDViewController_iPhone.xib in Resources */,
				0F9A4A6216B31F9C002F5DFD /* CDViewController_iPad.xib in Resources */,
			);
			runOnlyForDeploymentPostprocessing = 0;
		};
/* End PBXResourcesBuildPhase section */

/* Begin PBXSourcesBuildPhase section */
		0F9A4A3A16B31F9C002F5DFD /* Sources */ = {
			isa = PBXSourcesBuildPhase;
			buildActionMask = 2147483647;
			files = (
				0F9A4A4F16B31F9C002F5DFD /* main.m in Sources */,
				0F9A4A5316B31F9C002F5DFD /* CDAppDelegate.m in Sources */,
				0F9A4A5C16B31F9C002F5DFD /* CDViewController.m in Sources */,
				0F9A4A6A16B5ABC2002F5DFD /* CDColorPicker.m in Sources */,
			);
			runOnlyForDeploymentPostprocessing = 0;
		};
/* End PBXSourcesBuildPhase section */

/* Begin PBXVariantGroup section */
		0F9A4A4B16B31F9C002F5DFD /* InfoPlist.strings */ = {
			isa = PBXVariantGroup;
			children = (
				0F9A4A4C16B31F9C002F5DFD /* en */,
			);
			name = InfoPlist.strings;
			sourceTree = "<group>";
		};
		0F9A4A5D16B31F9C002F5DFD /* CDViewController_iPhone.xib */ = {
			isa = PBXVariantGroup;
			children = (
				0F9A4A5E16B31F9C002F5DFD /* en */,
			);
			name = CDViewController_iPhone.xib;
			sourceTree = "<group>";
		};
		0F9A4A6016B31F9C002F5DFD /* CDViewController_iPad.xib */ = {
			isa = PBXVariantGroup;
			children = (
				0F9A4A6116B31F9C002F5DFD /* en */,
			);
			name = CDViewController_iPad.xib;
			sourceTree = "<group>";
		};
/* End PBXVariantGroup section */

/* Begin XCBuildConfiguration section */
		0F9A4A6316B31F9C002F5DFD /* Debug */ = {
			isa = XCBuildConfiguration;
			buildSettings = {
				ALWAYS_SEARCH_USER_PATHS = NO;
				CLANG_CXX_LANGUAGE_STANDARD = "gnu++0x";
				CLANG_CXX_LIBRARY = "libc++";
				CLANG_WARN_EMPTY_BODY = YES;
				CLANG_WARN__DUPLICATE_METHOD_MATCH = YES;
				"CODE_SIGN_IDENTITY[sdk=iphoneos*]" = "iPhone Developer";
				COPY_PHASE_STRIP = NO;
				GCC_C_LANGUAGE_STANDARD = gnu99;
				GCC_DYNAMIC_NO_PIC = NO;
				GCC_OPTIMIZATION_LEVEL = 0;
				GCC_PREPROCESSOR_DEFINITIONS = (
					"DEBUG=1",
					"$(inherited)",
				);
				GCC_SYMBOLS_PRIVATE_EXTERN = NO;
				GCC_WARN_ABOUT_RETURN_TYPE = YES;
				GCC_WARN_UNINITIALIZED_AUTOS = YES;
				GCC_WARN_UNUSED_VARIABLE = YES;
				IPHONEOS_DEPLOYMENT_TARGET = 6.0;
				ONLY_ACTIVE_ARCH = YES;
				SDKROOT = iphoneos;
				TARGETED_DEVICE_FAMILY = "1,2";
			};
			name = Debug;
		};
		0F9A4A6416B31F9C002F5DFD /* Release */ = {
			isa = XCBuildConfiguration;
			buildSettings = {
				ALWAYS_SEARCH_USER_PATHS = NO;
				CLANG_CXX_LANGUAGE_STANDARD = "gnu++0x";
				CLANG_CXX_LIBRARY = "libc++";
				CLANG_WARN_EMPTY_BODY = YES;
				CLANG_WARN__DUPLICATE_METHOD_MATCH = YES;
				"CODE_SIGN_IDENTITY[sdk=iphoneos*]" = "iPhone Developer";
				COPY_PHASE_STRIP = YES;
				GCC_C_LANGUAGE_STANDARD = gnu99;
				GCC_WARN_ABOUT_RETURN_TYPE = YES;
				GCC_WARN_UNINITIALIZED_AUTOS = YES;
				GCC_WARN_UNUSED_VARIABLE = YES;
				IPHONEOS_DEPLOYMENT_TARGET = 6.0;
				OTHER_CFLAGS = "-DNS_BLOCK_ASSERTIONS=1";
				SDKROOT = iphoneos;
				TARGETED_DEVICE_FAMILY = "1,2";
				VALIDATE_PRODUCT = YES;
			};
			name = Release;
		};
		0F9A4A6616B31F9C002F5DFD /* Debug */ = {
			isa = XCBuildConfiguration;
			buildSettings = {
				GCC_PRECOMPILE_PREFIX_HEADER = YES;
				GCC_PREFIX_HEADER = "CDColorPickerDemo/CDColorPickerDemo-Prefix.pch";
				INFOPLIST_FILE = "CDColorPickerDemo/CDColorPickerDemo-Info.plist";
				PRODUCT_NAME = "$(TARGET_NAME)";
				WRAPPER_EXTENSION = app;
			};
			name = Debug;
		};
		0F9A4A6716B31F9C002F5DFD /* Release */ = {
			isa = XCBuildConfiguration;
			buildSettings = {
				GCC_PRECOMPILE_PREFIX_HEADER = YES;
				GCC_PREFIX_HEADER = "CDColorPickerDemo/CDColorPickerDemo-Prefix.pch";
				INFOPLIST_FILE = "CDColorPickerDemo/CDColorPickerDemo-Info.plist";
				PRODUCT_NAME = "$(TARGET_NAME)";
				WRAPPER_EXTENSION = app;
			};
			name = Release;
		};
/* End XCBuildConfiguration section */

/* Begin XCConfigurationList section */
		0F9A4A3816B31F9C002F5DFD /* Build configuration list for PBXProject "CDColorPickerDemo" */ = {
			isa = XCConfigurationList;
			buildConfigurations = (
				0F9A4A6316B31F9C002F5DFD /* Debug */,
				0F9A4A6416B31F9C002F5DFD /* Release */,
			);
			defaultConfigurationIsVisible = 0;
			defaultConfigurationName = Release;
		};
		0F9A4A6516B31F9C002F5DFD /* Build configuration list for PBXNativeTarget "CDColorPickerDemo" */ = {
			isa = XCConfigurationList;
			buildConfigurations = (
				0F9A4A6616B31F9C002F5DFD /* Debug */,
				0F9A4A6716B31F9C002F5DFD /* Release */,
			);
			defaultConfigurationIsVisible = 0;
		};
/* End XCConfigurationList section */
	};
	rootObject = 0F9A4A3516B31F9C002F5DFD /* Project object */;
}
